
Microsoft Visual Studio Solution File, Format Version 11.00
# Visual Studio 2010
Project("{FAE04EC0-301F-11D3-BF4B-00C04F79EFBC}") = "WarpJam", "WarpJam\WarpJam\WarpJam.csproj", "{A077E6F3-34EA-4A15-83C2-C4AEF32C903A}"
EndProject
Project("{FAE04EC0-301F-11D3-BF4B-00C04F79EFBC}") = "WarpJamContent", "WarpJam\WarpJamContent\WarpJamContent.contentproj", "{E58C7D9F-255F-4A8A-B1F4-E38D55067145}"
EndProject
Global
	GlobalSection(SolutionConfigurationPlatforms) = preSolution
		Debug|Windows Phone = Debug|Windows Phone
		Release|Windows Phone = Release|Windows Phone
	EndGlobalSection
	GlobalSection(ProjectConfigurationPlatforms) = postSolution
		{A077E6F3-34EA-4A15-83C2-C4AEF32C903A}.Debug|Windows Phone.ActiveCfg = Debug|Windows Phone
		{A077E6F3-34EA-4A15-83C2-C4AEF32C903A}.Debug|Windows Phone.Build.0 = Debug|Windows Phone
		{A077E6F3-34EA-4A15-83C2-C4AEF32C903A}.Debug|Windows Phone.Deploy.0 = Debug|Windows Phone
		{A077E6F3-34EA-4A15-83C2-C4AEF32C903A}.Release|Windows Phone.ActiveCfg = Release|Windows Phone
		{A077E6F3-34EA-4A15-83C2-C4AEF32C903A}.Release|Windows Phone.Build.0 = Release|Windows Phone
		{A077E6F3-34EA-4A15-83C2-C4AEF32C903A}.Release|Windows Phone.Deploy.0 = Release|Windows Phone
		{E58C7D9F-255F-4A8A-B1F4-E38D55067145}.Debug|Windows Phone.ActiveCfg = Debug|Windows Phone
		{E58C7D9F-255F-4A8A-B1F4-E38D55067145}.Release|Windows Phone.ActiveCfg = Release|Windows Phone
	EndGlobalSection
	GlobalSection(SolutionProperties) = preSolution
		HideSolutionNode = FALSE
	EndGlobalSection
EndGlobal
